// !$*UTF8*$!
{
	archiveVersion = 1;
	classes = {
	};
	objectVersion = 55;
	objects = {

/* Begin PBXBuildFile section */
		1E044B3229277B4800E05171 /* SizeEnum.swift in Sources */ = {isa = PBXBuildFile; fileRef = 1E044B3129277B4800E05171 /* SizeEnum.swift */; };
		1E5FEB2F29271E680019FC13 /* MainTabBarView.swift in Sources */ = {isa = PBXBuildFile; fileRef = 1E5FEB2E29271E680019FC13 /* MainTabBarView.swift */; };
		1E5FEB332927220D0019FC13 /* MenuView.swift in Sources */ = {isa = PBXBuildFile; fileRef = 1E5FEB322927220D0019FC13 /* MenuView.swift */; };
		1E5FEB35292722160019FC13 /* ProfileView.swift in Sources */ = {isa = PBXBuildFile; fileRef = 1E5FEB34292722160019FC13 /* ProfileView.swift */; };
		1E5FEB39292722620019FC13 /* CartView.swift in Sources */ = {isa = PBXBuildFile; fileRef = 1E5FEB38292722620019FC13 /* CartView.swift */; };
		1E5FEB3D292726830019FC13 /* Product.swift in Sources */ = {isa = PBXBuildFile; fileRef = 1E5FEB3C292726830019FC13 /* Product.swift */; };
		1E5FEB3F292726DF0019FC13 /* ProductCellView.swift in Sources */ = {isa = PBXBuildFile; fileRef = 1E5FEB3E292726DF0019FC13 /* ProductCellView.swift */; };
		1E5FEB4629272F660019FC13 /* CatalogViewModel.swift in Sources */ = {isa = PBXBuildFile; fileRef = 1E5FEB4529272F660019FC13 /* CatalogViewModel.swift */; };
		1E5FEB4A292739290019FC13 /* ProductDetailView.swift in Sources */ = {isa = PBXBuildFile; fileRef = 1E5FEB49292739290019FC13 /* ProductDetailView.swift */; };
		1E5FEB4C292740120019FC13 /* ProductDetailViewModel.swift in Sources */ = {isa = PBXBuildFile; fileRef = 1E5FEB4B292740120019FC13 /* ProductDetailViewModel.swift */; };
		1E72B8462924AD07005F468D /* PizzaDeliveryApp.swift in Sources */ = {isa = PBXBuildFile; fileRef = 1E72B8452924AD07005F468D /* PizzaDeliveryApp.swift */; };
		1E72B8482924AD07005F468D /* AuthView.swift in Sources */ = {isa = PBXBuildFile; fileRef = 1E72B8472924AD07005F468D /* AuthView.swift */; };
		1E72B84A2924AD08005F468D /* Assets.xcassets in Resources */ = {isa = PBXBuildFile; fileRef = 1E72B8492924AD08005F468D /* Assets.xcassets */; };
		1E72B84D2924AD08005F468D /* Preview Assets.xcassets in Resources */ = {isa = PBXBuildFile; fileRef = 1E72B84C2924AD08005F468D /* Preview Assets.xcassets */; };
		1EDCA2882928DD7900C840BD /* CardViewModel.swift in Sources */ = {isa = PBXBuildFile; fileRef = 1EDCA2872928DD7900C840BD /* CardViewModel.swift */; };
		1EDCA28A2928DFE000C840BD /* Position.swift in Sources */ = {isa = PBXBuildFile; fileRef = 1EDCA2892928DFE000C840BD /* Position.swift */; };
		1EDCA28C2928E80200C840BD /* PositionCellView.swift in Sources */ = {isa = PBXBuildFile; fileRef = 1EDCA28B2928E80200C840BD /* PositionCellView.swift */; };
		EB1049DB292B96BC001C233A /* FirebaseAuth in Frameworks */ = {isa = PBXBuildFile; productRef = EB1049DA292B96BC001C233A /* FirebaseAuth */; };
		EB1049DD292B96BC001C233A /* FirebaseFirestore in Frameworks */ = {isa = PBXBuildFile; productRef = EB1049DC292B96BC001C233A /* FirebaseFirestore */; };
		EB1049DF292B96BC001C233A /* FirebaseStorage in Frameworks */ = {isa = PBXBuildFile; productRef = EB1049DE292B96BC001C233A /* FirebaseStorage */; };
		EB2DFF87292B9DE700EF4B54 /* AuthService.swift in Sources */ = {isa = PBXBuildFile; fileRef = EB2DFF86292B9DE700EF4B54 /* AuthService.swift */; };
		EBC9CAF8292BB5750073DDFF /* GoogleService-Info.plist in Resources */ = {isa = PBXBuildFile; fileRef = EBC9CAF7292BB5750073DDFF /* GoogleService-Info.plist */; };
/* End PBXBuildFile section */

/* Begin PBXFileReference section */
		1E044B3129277B4800E05171 /* SizeEnum.swift */ = {isa = PBXFileReference; lastKnownFileType = sourcecode.swift; path = SizeEnum.swift; sourceTree = "<group>"; };
		1E5FEB2E29271E680019FC13 /* MainTabBarView.swift */ = {isa = PBXFileReference; lastKnownFileType = sourcecode.swift; path = MainTabBarView.swift; sourceTree = "<group>"; };
		1E5FEB322927220D0019FC13 /* MenuView.swift */ = {isa = PBXFileReference; lastKnownFileType = sourcecode.swift; path = MenuView.swift; sourceTree = "<group>"; };
		1E5FEB34292722160019FC13 /* ProfileView.swift */ = {isa = PBXFileReference; lastKnownFileType = sourcecode.swift; path = ProfileView.swift; sourceTree = "<group>"; };
		1E5FEB38292722620019FC13 /* CartView.swift */ = {isa = PBXFileReference; lastKnownFileType = sourcecode.swift; path = CartView.swift; sourceTree = "<group>"; };
		1E5FEB3C292726830019FC13 /* Product.swift */ = {isa = PBXFileReference; lastKnownFileType = sourcecode.swift; path = Product.swift; sourceTree = "<group>"; };
		1E5FEB3E292726DF0019FC13 /* ProductCellView.swift */ = {isa = PBXFileReference; lastKnownFileType = sourcecode.swift; path = ProductCellView.swift; sourceTree = "<group>"; };
		1E5FEB4529272F660019FC13 /* CatalogViewModel.swift */ = {isa = PBXFileReference; lastKnownFileType = sourcecode.swift; path = CatalogViewModel.swift; sourceTree = "<group>"; };
		1E5FEB49292739290019FC13 /* ProductDetailView.swift */ = {isa = PBXFileReference; lastKnownFileType = sourcecode.swift; path = ProductDetailView.swift; sourceTree = "<group>"; };
		1E5FEB4B292740120019FC13 /* ProductDetailViewModel.swift */ = {isa = PBXFileReference; lastKnownFileType = sourcecode.swift; path = ProductDetailViewModel.swift; sourceTree = "<group>"; };
		1E72B8422924AD07005F468D /* PizzaDelivery.app */ = {isa = PBXFileReference; explicitFileType = wrapper.application; includeInIndex = 0; path = PizzaDelivery.app; sourceTree = BUILT_PRODUCTS_DIR; };
		1E72B8452924AD07005F468D /* PizzaDeliveryApp.swift */ = {isa = PBXFileReference; lastKnownFileType = sourcecode.swift; path = PizzaDeliveryApp.swift; sourceTree = "<group>"; };
		1E72B8472924AD07005F468D /* AuthView.swift */ = {isa = PBXFileReference; lastKnownFileType = sourcecode.swift; path = AuthView.swift; sourceTree = "<group>"; };
		1E72B8492924AD08005F468D /* Assets.xcassets */ = {isa = PBXFileReference; lastKnownFileType = folder.assetcatalog; path = Assets.xcassets; sourceTree = "<group>"; };
		1E72B84C2924AD08005F468D /* Preview Assets.xcassets */ = {isa = PBXFileReference; lastKnownFileType = folder.assetcatalog; path = "Preview Assets.xcassets"; sourceTree = "<group>"; };
		1EDCA2872928DD7900C840BD /* CardViewModel.swift */ = {isa = PBXFileReference; lastKnownFileType = sourcecode.swift; path = CardViewModel.swift; sourceTree = "<group>"; };
		1EDCA2892928DFE000C840BD /* Position.swift */ = {isa = PBXFileReference; lastKnownFileType = sourcecode.swift; path = Position.swift; sourceTree = "<group>"; };
		1EDCA28B2928E80200C840BD /* PositionCellView.swift */ = {isa = PBXFileReference; lastKnownFileType = sourcecode.swift; path = PositionCellView.swift; sourceTree = "<group>"; };
		EB2DFF86292B9DE700EF4B54 /* AuthService.swift */ = {isa = PBXFileReference; lastKnownFileType = sourcecode.swift; path = AuthService.swift; sourceTree = "<group>"; };
		EBC9CAF7292BB5750073DDFF /* GoogleService-Info.plist */ = {isa = PBXFileReference; fileEncoding = 4; lastKnownFileType = text.plist.xml; path = "GoogleService-Info.plist"; sourceTree = "<group>"; };
/* End PBXFileReference section */

/* Begin PBXFrameworksBuildPhase section */
		1E72B83F2924AD07005F468D /* Frameworks */ = {
			isa = PBXFrameworksBuildPhase;
			buildActionMask = 2147483647;
			files = (
				EB1049DB292B96BC001C233A /* FirebaseAuth in Frameworks */,
				EB1049DD292B96BC001C233A /* FirebaseFirestore in Frameworks */,
				EB1049DF292B96BC001C233A /* FirebaseStorage in Frameworks */,
			);
			runOnlyForDeploymentPostprocessing = 0;
		};
/* End PBXFrameworksBuildPhase section */

/* Begin PBXGroup section */
		1E5FEB372927222C0019FC13 /* View */ = {
			isa = PBXGroup;
			children = (
				1E5FEB2E29271E680019FC13 /* MainTabBarView.swift */,
				1E72B8472924AD07005F468D /* AuthView.swift */,
				1E5FEB38292722620019FC13 /* CartView.swift */,
				1E5FEB49292739290019FC13 /* ProductDetailView.swift */,
				1E5FEB322927220D0019FC13 /* MenuView.swift */,
				1E5FEB34292722160019FC13 /* ProfileView.swift */,
			);
			path = View;
			sourceTree = "<group>";
		};
		1E5FEB40292726EE0019FC13 /* ComponentsView */ = {
			isa = PBXGroup;
			children = (
				1E5FEB3E292726DF0019FC13 /* ProductCellView.swift */,
				1EDCA28B2928E80200C840BD /* PositionCellView.swift */,
			);
			path = ComponentsView;
			sourceTree = "<group>";
		};
		1E5FEB4129272EFD0019FC13 /* Model */ = {
			isa = PBXGroup;
			children = (
				1E5FEB3C292726830019FC13 /* Product.swift */,
				1EDCA2892928DFE000C840BD /* Position.swift */,
				1E044B3129277B4800E05171 /* SizeEnum.swift */,
			);
			path = Model;
			sourceTree = "<group>";
		};
		1E5FEB4429272F380019FC13 /* ViewModel */ = {
			isa = PBXGroup;
			children = (
				1E5FEB4529272F660019FC13 /* CatalogViewModel.swift */,
				1E5FEB4B292740120019FC13 /* ProductDetailViewModel.swift */,
				1EDCA2872928DD7900C840BD /* CardViewModel.swift */,
			);
			path = ViewModel;
			sourceTree = "<group>";
		};
		1E72B8392924AD07005F468D = {
			isa = PBXGroup;
			children = (
				1E72B8442924AD07005F468D /* PizzaDelivery */,
				1E72B8432924AD07005F468D /* Products */,
			);
			sourceTree = "<group>";
		};
		1E72B8432924AD07005F468D /* Products */ = {
			isa = PBXGroup;
			children = (
				1E72B8422924AD07005F468D /* PizzaDelivery.app */,
			);
			name = Products;
			sourceTree = "<group>";
		};
		1E72B8442924AD07005F468D /* PizzaDelivery */ = {
			isa = PBXGroup;
			children = (
				1E72B8452924AD07005F468D /* PizzaDeliveryApp.swift */,
				EB2DFF88292B9DEC00EF4B54 /* Services */,
				1E5FEB4129272EFD0019FC13 /* Model */,
				1E5FEB4429272F380019FC13 /* ViewModel */,
				1E5FEB40292726EE0019FC13 /* ComponentsView */,
				1E5FEB372927222C0019FC13 /* View */,
				1E72B8492924AD08005F468D /* Assets.xcassets */,
				EBC9CAF7292BB5750073DDFF /* GoogleService-Info.plist */,
				1E72B84B2924AD08005F468D /* Preview Content */,
			);
			path = PizzaDelivery;
			sourceTree = "<group>";
		};
		1E72B84B2924AD08005F468D /* Preview Content */ = {
			isa = PBXGroup;
			children = (
				1E72B84C2924AD08005F468D /* Preview Assets.xcassets */,
			);
			path = "Preview Content";
			sourceTree = "<group>";
		};
		EB2DFF88292B9DEC00EF4B54 /* Services */ = {
			isa = PBXGroup;
			children = (
				EB2DFF86292B9DE700EF4B54 /* AuthService.swift */,
			);
			path = Services;
			sourceTree = "<group>";
		};
/* End PBXGroup section */

/* Begin PBXNativeTarget section */
		1E72B8412924AD07005F468D /* PizzaDelivery */ = {
			isa = PBXNativeTarget;
			buildConfigurationList = 1E72B8502924AD08005F468D /* Build configuration list for PBXNativeTarget "PizzaDelivery" */;
			buildPhases = (
				1E72B83E2924AD07005F468D /* Sources */,
				1E72B83F2924AD07005F468D /* Frameworks */,
				1E72B8402924AD07005F468D /* Resources */,
			);
			buildRules = (
			);
			dependencies = (
			);
			name = PizzaDelivery;
			packageProductDependencies = (
				EB1049DA292B96BC001C233A /* FirebaseAuth */,
				EB1049DC292B96BC001C233A /* FirebaseFirestore */,
				EB1049DE292B96BC001C233A /* FirebaseStorage */,
			);
			productName = PizzaDelivery;
			productReference = 1E72B8422924AD07005F468D /* PizzaDelivery.app */;
			productType = "com.apple.product-type.application";
		};
/* End PBXNativeTarget section */

/* Begin PBXProject section */
		1E72B83A2924AD07005F468D /* Project object */ = {
			isa = PBXProject;
			attributes = {
				BuildIndependentTargetsInParallel = 1;
				LastSwiftUpdateCheck = 1320;
				LastUpgradeCheck = 1320;
				TargetAttributes = {
					1E72B8412924AD07005F468D = {
						CreatedOnToolsVersion = 13.2.1;
					};
				};
			};
			buildConfigurationList = 1E72B83D2924AD07005F468D /* Build configuration list for PBXProject "PizzaDelivery" */;
			compatibilityVersion = "Xcode 13.0";
			developmentRegion = en;
			hasScannedForEncodings = 0;
			knownRegions = (
				en,
				Base,
			);
			mainGroup = 1E72B8392924AD07005F468D;
			packageReferences = (
				EB1049D9292B96BC001C233A /* XCRemoteSwiftPackageReference "firebase-ios-sdk" */,
			);
			productRefGroup = 1E72B8432924AD07005F468D /* Products */;
			projectDirPath = "";
			projectRoot = "";
			targets = (
				1E72B8412924AD07005F468D /* PizzaDelivery */,
			);
		};
/* End PBXProject section */

/* Begin PBXResourcesBuildPhase section */
		1E72B8402924AD07005F468D /* Resources */ = {
			isa = PBXResourcesBuildPhase;
			buildActionMask = 2147483647;
			files = (
				1E72B84D2924AD08005F468D /* Preview Assets.xcassets in Resources */,
				1E72B84A2924AD08005F468D /* Assets.xcassets in Resources */,
				EBC9CAF8292BB5750073DDFF /* GoogleService-Info.plist in Resources */,
			);
			runOnlyForDeploymentPostprocessing = 0;
		};
/* End PBXResourcesBuildPhase section */

/* Begin PBXSourcesBuildPhase section */
		1E72B83E2924AD07005F468D /* Sources */ = {
			isa = PBXSourcesBuildPhase;
			buildActionMask = 2147483647;
			files = (
				1EDCA28A2928DFE000C840BD /* Position.swift in Sources */,
				1E5FEB39292722620019FC13 /* CartView.swift in Sources */,
				1E044B3229277B4800E05171 /* SizeEnum.swift in Sources */,
				1E5FEB332927220D0019FC13 /* MenuView.swift in Sources */,
				1E5FEB4A292739290019FC13 /* ProductDetailView.swift in Sources */,
				1E5FEB2F29271E680019FC13 /* MainTabBarView.swift in Sources */,
				1EDCA28C2928E80200C840BD /* PositionCellView.swift in Sources */,
				1E72B8482924AD07005F468D /* AuthView.swift in Sources */,
				1E5FEB4C292740120019FC13 /* ProductDetailViewModel.swift in Sources */,
				1E5FEB3F292726DF0019FC13 /* ProductCellView.swift in Sources */,
				1EDCA2882928DD7900C840BD /* CardViewModel.swift in Sources */,
				1E72B8462924AD07005F468D /* PizzaDeliveryApp.swift in Sources */,
				1E5FEB35292722160019FC13 /* ProfileView.swift in Sources */,
				1E5FEB3D292726830019FC13 /* Product.swift in Sources */,
				1E5FEB4629272F660019FC13 /* CatalogViewModel.swift in Sources */,
				EB2DFF87292B9DE700EF4B54 /* AuthService.swift in Sources */,
			);
			runOnlyForDeploymentPostprocessing = 0;
		};
/* End PBXSourcesBuildPhase section */

/* Begin XCBuildConfiguration section */
		1E72B84E2924AD08005F468D /* Debug */ = {
			isa = XCBuildConfiguration;
			buildSettings = {
				ALWAYS_SEARCH_USER_PATHS = NO;
				CLANG_ANALYZER_NONNULL = YES;
				CLANG_ANALYZER_NUMBER_OBJECT_CONVERSION = YES_AGGRESSIVE;
				CLANG_CXX_LANGUAGE_STANDARD = "gnu++17";
				CLANG_CXX_LIBRARY = "libc++";
				CLANG_ENABLE_MODULES = YES;
				CLANG_ENABLE_OBJC_ARC = YES;
				CLANG_ENABLE_OBJC_WEAK = YES;
				CLANG_WARN_BLOCK_CAPTURE_AUTORELEASING = YES;
				CLANG_WARN_BOOL_CONVERSION = YES;
				CLANG_WARN_COMMA = YES;
				CLANG_WARN_CONSTANT_CONVERSION = YES;
				CLANG_WARN_DEPRECATED_OBJC_IMPLEMENTATIONS = YES;
				CLANG_WARN_DIRECT_OBJC_ISA_USAGE = YES_ERROR;
				CLANG_WARN_DOCUMENTATION_COMMENTS = YES;
				CLANG_WARN_EMPTY_BODY = YES;
				CLANG_WARN_ENUM_CONVERSION = YES;
				CLANG_WARN_INFINITE_RECURSION = YES;
				CLANG_WARN_INT_CONVERSION = YES;
				CLANG_WARN_NON_LITERAL_NULL_CONVERSION = YES;
				CLANG_WARN_OBJC_IMPLICIT_RETAIN_SELF = YES;
				CLANG_WARN_OBJC_LITERAL_CONVERSION = YES;
				CLANG_WARN_OBJC_ROOT_CLASS = YES_ERROR;
				CLANG_WARN_QUOTED_INCLUDE_IN_FRAMEWORK_HEADER = YES;
				CLANG_WARN_RANGE_LOOP_ANALYSIS = YES;
				CLANG_WARN_STRICT_PROTOTYPES = YES;
				CLANG_WARN_SUSPICIOUS_MOVE = YES;
				CLANG_WARN_UNGUARDED_AVAILABILITY = YES_AGGRESSIVE;
				CLANG_WARN_UNREACHABLE_CODE = YES;
				CLANG_WARN__DUPLICATE_METHOD_MATCH = YES;
				COPY_PHASE_STRIP = NO;
				DEBUG_INFORMATION_FORMAT = dwarf;
				ENABLE_STRICT_OBJC_MSGSEND = YES;
				ENABLE_TESTABILITY = YES;
				GCC_C_LANGUAGE_STANDARD = gnu11;
				GCC_DYNAMIC_NO_PIC = NO;
				GCC_NO_COMMON_BLOCKS = YES;
				GCC_OPTIMIZATION_LEVEL = 0;
				GCC_PREPROCESSOR_DEFINITIONS = (
					"DEBUG=1",
					"$(inherited)",
				);
				GCC_WARN_64_TO_32_BIT_CONVERSION = YES;
				GCC_WARN_ABOUT_RETURN_TYPE = YES_ERROR;
				GCC_WARN_UNDECLARED_SELECTOR = YES;
				GCC_WARN_UNINITIALIZED_AUTOS = YES_AGGRESSIVE;
				GCC_WARN_UNUSED_FUNCTION = YES;
				GCC_WARN_UNUSED_VARIABLE = YES;
				IPHONEOS_DEPLOYMENT_TARGET = 15.2;
				MTL_ENABLE_DEBUG_INFO = INCLUDE_SOURCE;
				MTL_FAST_MATH = YES;
				ONLY_ACTIVE_ARCH = YES;
				SDKROOT = iphoneos;
				SWIFT_ACTIVE_COMPILATION_CONDITIONS = DEBUG;
				SWIFT_OPTIMIZATION_LEVEL = "-Onone";
			};
			name = Debug;
		};
		1E72B84F2924AD08005F468D /* Release */ = {
			isa = XCBuildConfiguration;
			buildSettings = {
				ALWAYS_SEARCH_USER_PATHS = NO;
				CLANG_ANALYZER_NONNULL = YES;
				CLANG_ANALYZER_NUMBER_OBJECT_CONVERSION = YES_AGGRESSIVE;
				CLANG_CXX_LANGUAGE_STANDARD = "gnu++17";
				CLANG_CXX_LIBRARY = "libc++";
				CLANG_ENABLE_MODULES = YES;
				CLANG_ENABLE_OBJC_ARC = YES;
				CLANG_ENABLE_OBJC_WEAK = YES;
				CLANG_WARN_BLOCK_CAPTURE_AUTORELEASING = YES;
				CLANG_WARN_BOOL_CONVERSION = YES;
				CLANG_WARN_COMMA = YES;
				CLANG_WARN_CONSTANT_CONVERSION = YES;
				CLANG_WARN_DEPRECATED_OBJC_IMPLEMENTATIONS = YES;
				CLANG_WARN_DIRECT_OBJC_ISA_USAGE = YES_ERROR;
				CLANG_WARN_DOCUMENTATION_COMMENTS = YES;
				CLANG_WARN_EMPTY_BODY = YES;
				CLANG_WARN_ENUM_CONVERSION = YES;
				CLANG_WARN_INFINITE_RECURSION = YES;
				CLANG_WARN_INT_CONVERSION = YES;
				CLANG_WARN_NON_LITERAL_NULL_CONVERSION = YES;
				CLANG_WARN_OBJC_IMPLICIT_RETAIN_SELF = YES;
				CLANG_WARN_OBJC_LITERAL_CONVERSION = YES;
				CLANG_WARN_OBJC_ROOT_CLASS = YES_ERROR;
				CLANG_WARN_QUOTED_INCLUDE_IN_FRAMEWORK_HEADER = YES;
				CLANG_WARN_RANGE_LOOP_ANALYSIS = YES;
				CLANG_WARN_STRICT_PROTOTYPES = YES;
				CLANG_WARN_SUSPICIOUS_MOVE = YES;
				CLANG_WARN_UNGUARDED_AVAILABILITY = YES_AGGRESSIVE;
				CLANG_WARN_UNREACHABLE_CODE = YES;
				CLANG_WARN__DUPLICATE_METHOD_MATCH = YES;
				COPY_PHASE_STRIP = NO;
				DEBUG_INFORMATION_FORMAT = "dwarf-with-dsym";
				ENABLE_NS_ASSERTIONS = NO;
				ENABLE_STRICT_OBJC_MSGSEND = YES;
				GCC_C_LANGUAGE_STANDARD = gnu11;
				GCC_NO_COMMON_BLOCKS = YES;
				GCC_WARN_64_TO_32_BIT_CONVERSION = YES;
				GCC_WARN_ABOUT_RETURN_TYPE = YES_ERROR;
				GCC_WARN_UNDECLARED_SELECTOR = YES;
				GCC_WARN_UNINITIALIZED_AUTOS = YES_AGGRESSIVE;
				GCC_WARN_UNUSED_FUNCTION = YES;
				GCC_WARN_UNUSED_VARIABLE = YES;
				IPHONEOS_DEPLOYMENT_TARGET = 15.2;
				MTL_ENABLE_DEBUG_INFO = NO;
				MTL_FAST_MATH = YES;
				SDKROOT = iphoneos;
				SWIFT_COMPILATION_MODE = wholemodule;
				SWIFT_OPTIMIZATION_LEVEL = "-O";
				VALIDATE_PRODUCT = YES;
			};
			name = Release;
		};
		1E72B8512924AD08005F468D /* Debug */ = {
			isa = XCBuildConfiguration;
			buildSettings = {
				ASSETCATALOG_COMPILER_APPICON_NAME = AppIcon;
				ASSETCATALOG_COMPILER_GLOBAL_ACCENT_COLOR_NAME = AccentColor;
				CODE_SIGN_IDENTITY = "Apple Development";
				CODE_SIGN_STYLE = Automatic;
				CURRENT_PROJECT_VERSION = 1;
				DEVELOPMENT_ASSET_PATHS = "\"PizzaDelivery/Preview Content\"";
				DEVELOPMENT_TEAM = N64BNPUBV4;
				ENABLE_PREVIEWS = YES;
				GENERATE_INFOPLIST_FILE = YES;
				INFOPLIST_KEY_UIApplicationSceneManifest_Generation = YES;
				INFOPLIST_KEY_UIApplicationSupportsIndirectInputEvents = YES;
				INFOPLIST_KEY_UILaunchScreen_Generation = YES;
				INFOPLIST_KEY_UISupportedInterfaceOrientations = UIInterfaceOrientationPortrait;
				INFOPLIST_KEY_UISupportedInterfaceOrientations_iPad = "UIInterfaceOrientationLandscapeLeft UIInterfaceOrientationLandscapeRight UIInterfaceOrientationPortrait UIInterfaceOrientationPortraitUpsideDown";
				LD_RUNPATH_SEARCH_PATHS = (
					"$(inherited)",
					"@executable_path/Frameworks",
				);
				MARKETING_VERSION = 1.0;
				PRODUCT_BUNDLE_IDENTIFIER = novexex.PizzaDelivery;
				PRODUCT_NAME = "$(TARGET_NAME)";
				PROVISIONING_PROFILE_SPECIFIER = "";
				SWIFT_EMIT_LOC_STRINGS = YES;
				SWIFT_VERSION = 5.0;
				TARGETED_DEVICE_FAMILY = 1;
			};
			name = Debug;
		};
		1E72B8522924AD08005F468D /* Release */ = {
			isa = XCBuildConfiguration;
			buildSettings = {
				ASSETCATALOG_COMPILER_APPICON_NAME = AppIcon;
				ASSETCATALOG_COMPILER_GLOBAL_ACCENT_COLOR_NAME = AccentColor;
				CODE_SIGN_IDENTITY = "Apple Development";
				CODE_SIGN_STYLE = Automatic;
				CURRENT_PROJECT_VERSION = 1;
				DEVELOPMENT_ASSET_PATHS = "\"PizzaDelivery/Preview Content\"";
				DEVELOPMENT_TEAM = N64BNPUBV4;
				ENABLE_PREVIEWS = YES;
				GENERATE_INFOPLIST_FILE = YES;
				INFOPLIST_KEY_UIApplicationSceneManifest_Generation = YES;
				INFOPLIST_KEY_UIApplicationSupportsIndirectInputEvents = YES;
				INFOPLIST_KEY_UILaunchScreen_Generation = YES;
				INFOPLIST_KEY_UISupportedInterfaceOrientations = UIInterfaceOrientationPortrait;
				INFOPLIST_KEY_UISupportedInterfaceOrientations_iPad = "UIInterfaceOrientationLandscapeLeft UIInterfaceOrientationLandscapeRight UIInterfaceOrientationPortrait UIInterfaceOrientationPortraitUpsideDown";
				LD_RUNPATH_SEARCH_PATHS = (
					"$(inherited)",
					"@executable_path/Frameworks",
				);
				MARKETING_VERSION = 1.0;
				PRODUCT_BUNDLE_IDENTIFIER = novexex.PizzaDelivery;
				PRODUCT_NAME = "$(TARGET_NAME)";
				PROVISIONING_PROFILE_SPECIFIER = "";
				SWIFT_EMIT_LOC_STRINGS = YES;
				SWIFT_VERSION = 5.0;
				TARGETED_DEVICE_FAMILY = 1;
			};
			name = Release;
		};
/* End XCBuildConfiguration section */

/* Begin XCConfigurationList section */
		1E72B83D2924AD07005F468D /* Build configuration list for PBXProject "PizzaDelivery" */ = {
			isa = XCConfigurationList;
			buildConfigurations = (
				1E72B84E2924AD08005F468D /* Debug */,
				1E72B84F2924AD08005F468D /* Release */,
			);
			defaultConfigurationIsVisible = 0;
			defaultConfigurationName = Release;
		};
		1E72B8502924AD08005F468D /* Build configuration list for PBXNativeTarget "PizzaDelivery" */ = {
			isa = XCConfigurationList;
			buildConfigurations = (
				1E72B8512924AD08005F468D /* Debug */,
				1E72B8522924AD08005F468D /* Release */,
			);
			defaultConfigurationIsVisible = 0;
			defaultConfigurationName = Release;
		};
/* End XCConfigurationList section */

/* Begin XCRemoteSwiftPackageReference section */
		EB1049D9292B96BC001C233A /* XCRemoteSwiftPackageReference "firebase-ios-sdk" */ = {
			isa = XCRemoteSwiftPackageReference;
			repositoryURL = "https://github.com/firebase/firebase-ios-sdk";
			requirement = {
				kind = upToNextMajorVersion;
				minimumVersion = 9.0.0;
			};
		};
/* End XCRemoteSwiftPackageReference section */

/* Begin XCSwiftPackageProductDependency section */
		EB1049DA292B96BC001C233A /* FirebaseAuth */ = {
			isa = XCSwiftPackageProductDependency;
			package = EB1049D9292B96BC001C233A /* XCRemoteSwiftPackageReference "firebase-ios-sdk" */;
			productName = FirebaseAuth;
		};
		EB1049DC292B96BC001C233A /* FirebaseFirestore */ = {
			isa = XCSwiftPackageProductDependency;
			package = EB1049D9292B96BC001C233A /* XCRemoteSwiftPackageReference "firebase-ios-sdk" */;
			productName = FirebaseFirestore;
		};
		EB1049DE292B96BC001C233A /* FirebaseStorage */ = {
			isa = XCSwiftPackageProductDependency;
			package = EB1049D9292B96BC001C233A /* XCRemoteSwiftPackageReference "firebase-ios-sdk" */;
			productName = FirebaseStorage;
		};
/* End XCSwiftPackageProductDependency section */
	};
	rootObject = 1E72B83A2924AD07005F468D /* Project object */;
}
